
Microsoft Visual Studio Solution File, Format Version 12.00
# Visual Studio Version 17
VisualStudioVersion = 17.10.35013.160
MinimumVisualStudioVersion = 10.0.40219.1
Project("{FAE04EC0-301F-11D3-BF4B-00C04F79EFBC}") = "LinkDev.Task", "LinkDev.Task\LinkDev.Task.csproj", "{E3C367E4-514F-4FE1-AB10-51E16CC28E16}"
EndProject
Global
	GlobalSection(SolutionConfigurationPlatforms) = preSolution
		Debug|Any CPU = Debug|Any CPU
		Release|Any CPU = Release|Any CPU
	EndGlobalSection
	GlobalSection(ProjectConfigurationPlatforms) = postSolution
		{E3C367E4-514F-4FE1-AB10-51E16CC28E16}.Debug|Any CPU.ActiveCfg = Debug|Any CPU
		{E3C367E4-514F-4FE1-AB10-51E16CC28E16}.Debug|Any CPU.Build.0 = Debug|Any CPU
		{E3C367E4-514F-4FE1-AB10-51E16CC28E16}.Release|Any CPU.ActiveCfg = Release|Any CPU
		{E3C367E4-514F-4FE1-AB10-51E16CC28E16}.Release|Any CPU.Build.0 = Release|Any CPU
	EndGlobalSection
	GlobalSection(SolutionProperties) = preSolution
		HideSolutionNode = FALSE
	EndGlobalSection
	GlobalSection(ExtensibilityGlobals) = postSolution
		SolutionGuid = {E3A07BAA-97E2-48D5-B342-7C9B4595EC10}
	EndGlobalSection
EndGlobal
